
Microsoft Visual Studio Solution File, Format Version 12.00
# Visual Studio 2013
VisualStudioVersion = 12.0.21005.1
MinimumVisualStudioVersion = 10.0.40219.1
Project("{FAE04EC0-301F-11D3-BF4B-00C04F79EFBC}") = "Computer System Modelling", "Computer System Modelling\Computer System Modelling.csproj", "{54D30CE9-711F-45F6-8A2F-1F5F9303DFB7}"
EndProject
Global
	GlobalSection(SolutionConfigurationPlatforms) = preSolution
		Debug|Any CPU = Debug|Any CPU
		Release|Any CPU = Release|Any CPU
	EndGlobalSection
	GlobalSection(ProjectConfigurationPlatforms) = postSolution
		{54D30CE9-711F-45F6-8A2F-1F5F9303DFB7}.Debug|Any CPU.ActiveCfg = Debug|Any CPU
		{54D30CE9-711F-45F6-8A2F-1F5F9303DFB7}.Debug|Any CPU.Build.0 = Debug|Any CPU
		{54D30CE9-711F-45F6-8A2F-1F5F9303DFB7}.Release|Any CPU.ActiveCfg = Release|Any CPU
		{54D30CE9-711F-45F6-8A2F-1F5F9303DFB7}.Release|Any CPU.Build.0 = Release|Any CPU
	EndGlobalSection
	GlobalSection(SolutionProperties) = preSolution
		HideSolutionNode = FALSE
	EndGlobalSection
EndGlobal
